// !$*UTF8*$!
{
	archiveVersion = 1;
	classes = {
	};
	objectVersion = 56;
	objects = {

/* Begin PBXBuildFile section */
		07938CF62C3711E300A4FA96 /* ChangePassword.swift in Sources */ = {isa = PBXBuildFile; fileRef = 07938CF52C3711E300A4FA96 /* ChangePassword.swift */; };
		07938CFA2C3750B800A4FA96 /* AddDoctor.swift in Sources */ = {isa = PBXBuildFile; fileRef = 07938CF92C3750B800A4FA96 /* AddDoctor.swift */; };
		62060EC42C37086000177028 /* DoctorView.swift in Sources */ = {isa = PBXBuildFile; fileRef = 62060EC32C37086000177028 /* DoctorView.swift */; };
		62060EC62C37087000177028 /* AdminView.swift in Sources */ = {isa = PBXBuildFile; fileRef = 62060EC52C37087000177028 /* AdminView.swift */; };
		62060EC82C3708F800177028 /* Home.swift in Sources */ = {isa = PBXBuildFile; fileRef = 62060EC72C3708F800177028 /* Home.swift */; };
		62060ECA2C37095E00177028 /* Task.swift in Sources */ = {isa = PBXBuildFile; fileRef = 62060EC92C37095E00177028 /* Task.swift */; };
		62060ECC2C37097E00177028 /* View+Extension.swift in Sources */ = {isa = PBXBuildFile; fileRef = 62060ECB2C37097E00177028 /* View+Extension.swift */; };
		62060ECE2C3709B400177028 /* Date+Extension.swift in Sources */ = {isa = PBXBuildFile; fileRef = 62060ECD2C3709B400177028 /* Date+Extension.swift */; };
		62060EDB2C374C0B00177028 /* FirebaseFirestoreSwift in Frameworks */ = {isa = PBXBuildFile; productRef = 62060EDA2C374C0B00177028 /* FirebaseFirestoreSwift */; };
		62530F4C2C33D5BC001B496B /* HMSAdminApp.swift in Sources */ = {isa = PBXBuildFile; fileRef = 62530F4B2C33D5BC001B496B /* HMSAdminApp.swift */; };
		62530F4E2C33D5BC001B496B /* Authentication.swift in Sources */ = {isa = PBXBuildFile; fileRef = 62530F4D2C33D5BC001B496B /* Authentication.swift */; };
		62530F502C33D5BE001B496B /* Assets.xcassets in Resources */ = {isa = PBXBuildFile; fileRef = 62530F4F2C33D5BE001B496B /* Assets.xcassets */; };
		62530F532C33D5BE001B496B /* Preview Assets.xcassets in Resources */ = {isa = PBXBuildFile; fileRef = 62530F522C33D5BE001B496B /* Preview Assets.xcassets */; };
		62530F902C35C2ED001B496B /* demo.swift in Sources */ = {isa = PBXBuildFile; fileRef = 62530F8F2C35C2ED001B496B /* demo.swift */; };
		812C377B2C36B65400614EE9 /* HospitalDataModel.swift in Sources */ = {isa = PBXBuildFile; fileRef = 812C37782C36B65400614EE9 /* HospitalDataModel.swift */; };
		812C377C2C36B65400614EE9 /* AddHospital.swift in Sources */ = {isa = PBXBuildFile; fileRef = 812C37792C36B65400614EE9 /* AddHospital.swift */; };
		812C377D2C36B65400614EE9 /* ContentView.swift in Sources */ = {isa = PBXBuildFile; fileRef = 812C377A2C36B65400614EE9 /* ContentView.swift */; };
		E9F0D9242C35C4A600C02518 /* GoogleService-Info.plist in Resources */ = {isa = PBXBuildFile; fileRef = E9F0D9232C35C4A600C02518 /* GoogleService-Info.plist */; };
		E9F0D9272C35C4FE00C02518 /* FirebaseAuth in Frameworks */ = {isa = PBXBuildFile; productRef = E9F0D9262C35C4FE00C02518 /* FirebaseAuth */; };
		E9F0D9292C35C4FE00C02518 /* FirebaseDatabase in Frameworks */ = {isa = PBXBuildFile; productRef = E9F0D9282C35C4FE00C02518 /* FirebaseDatabase */; };
		E9F0D92B2C35C4FE00C02518 /* FirebaseDatabaseSwift in Frameworks */ = {isa = PBXBuildFile; productRef = E9F0D92A2C35C4FE00C02518 /* FirebaseDatabaseSwift */; };
		E9F0D92D2C35C4FE00C02518 /* FirebaseStorage in Frameworks */ = {isa = PBXBuildFile; productRef = E9F0D92C2C35C4FE00C02518 /* FirebaseStorage */; };
/* End PBXBuildFile section */

/* Begin PBXFileReference section */
		07938CF52C3711E300A4FA96 /* ChangePassword.swift */ = {isa = PBXFileReference; lastKnownFileType = sourcecode.swift; path = ChangePassword.swift; sourceTree = "<group>"; };
		07938CF92C3750B800A4FA96 /* AddDoctor.swift */ = {isa = PBXFileReference; lastKnownFileType = sourcecode.swift; path = AddDoctor.swift; sourceTree = "<group>"; };
		62060EC32C37086000177028 /* DoctorView.swift */ = {isa = PBXFileReference; lastKnownFileType = sourcecode.swift; path = DoctorView.swift; sourceTree = "<group>"; };
		62060EC52C37087000177028 /* AdminView.swift */ = {isa = PBXFileReference; lastKnownFileType = sourcecode.swift; path = AdminView.swift; sourceTree = "<group>"; };
		62060EC72C3708F800177028 /* Home.swift */ = {isa = PBXFileReference; lastKnownFileType = sourcecode.swift; path = Home.swift; sourceTree = "<group>"; };
		62060EC92C37095E00177028 /* Task.swift */ = {isa = PBXFileReference; lastKnownFileType = sourcecode.swift; path = Task.swift; sourceTree = "<group>"; };
		62060ECB2C37097E00177028 /* View+Extension.swift */ = {isa = PBXFileReference; lastKnownFileType = sourcecode.swift; path = "View+Extension.swift"; sourceTree = "<group>"; };
		62060ECD2C3709B400177028 /* Date+Extension.swift */ = {isa = PBXFileReference; lastKnownFileType = sourcecode.swift; path = "Date+Extension.swift"; sourceTree = "<group>"; };
		62530F482C33D5BC001B496B /* HMSAdmin.app */ = {isa = PBXFileReference; explicitFileType = wrapper.application; includeInIndex = 0; path = HMSAdmin.app; sourceTree = BUILT_PRODUCTS_DIR; };
		62530F4B2C33D5BC001B496B /* HMSAdminApp.swift */ = {isa = PBXFileReference; lastKnownFileType = sourcecode.swift; path = HMSAdminApp.swift; sourceTree = "<group>"; };
		62530F4D2C33D5BC001B496B /* Authentication.swift */ = {isa = PBXFileReference; lastKnownFileType = sourcecode.swift; path = Authentication.swift; sourceTree = "<group>"; };
		62530F4F2C33D5BE001B496B /* Assets.xcassets */ = {isa = PBXFileReference; lastKnownFileType = folder.assetcatalog; path = Assets.xcassets; sourceTree = "<group>"; };
		62530F522C33D5BE001B496B /* Preview Assets.xcassets */ = {isa = PBXFileReference; lastKnownFileType = folder.assetcatalog; path = "Preview Assets.xcassets"; sourceTree = "<group>"; };
		62530F8F2C35C2ED001B496B /* demo.swift */ = {isa = PBXFileReference; lastKnownFileType = sourcecode.swift; path = demo.swift; sourceTree = "<group>"; };
		812C37782C36B65400614EE9 /* HospitalDataModel.swift */ = {isa = PBXFileReference; fileEncoding = 4; lastKnownFileType = sourcecode.swift; path = HospitalDataModel.swift; sourceTree = "<group>"; };
		812C37792C36B65400614EE9 /* AddHospital.swift */ = {isa = PBXFileReference; fileEncoding = 4; lastKnownFileType = sourcecode.swift; path = AddHospital.swift; sourceTree = "<group>"; };
		812C377A2C36B65400614EE9 /* ContentView.swift */ = {isa = PBXFileReference; fileEncoding = 4; lastKnownFileType = sourcecode.swift; path = ContentView.swift; sourceTree = "<group>"; };
		E9F0D9232C35C4A600C02518 /* GoogleService-Info.plist */ = {isa = PBXFileReference; lastKnownFileType = text.plist.xml; path = "GoogleService-Info.plist"; sourceTree = "<group>"; };
/* End PBXFileReference section */

/* Begin PBXFrameworksBuildPhase section */
		62530F452C33D5BC001B496B /* Frameworks */ = {
			isa = PBXFrameworksBuildPhase;
			buildActionMask = 2147483647;
			files = (
				62060EDB2C374C0B00177028 /* FirebaseFirestoreSwift in Frameworks */,
				E9F0D92B2C35C4FE00C02518 /* FirebaseDatabaseSwift in Frameworks */,
				E9F0D92D2C35C4FE00C02518 /* FirebaseStorage in Frameworks */,
				E9F0D9292C35C4FE00C02518 /* FirebaseDatabase in Frameworks */,
				E9F0D9272C35C4FE00C02518 /* FirebaseAuth in Frameworks */,
			);
			runOnlyForDeploymentPostprocessing = 0;
		};
/* End PBXFrameworksBuildPhase section */

/* Begin PBXGroup section */
		62060ED92C374C0B00177028 /* Frameworks */ = {
			isa = PBXGroup;
			children = (
			);
			name = Frameworks;
			sourceTree = "<group>";
		};
		62530F3F2C33D5BC001B496B = {
			isa = PBXGroup;
			children = (
				E9F0D9232C35C4A600C02518 /* GoogleService-Info.plist */,
				62530F4A2C33D5BC001B496B /* HMSAdmin */,
				62530F492C33D5BC001B496B /* Products */,
				62060ED92C374C0B00177028 /* Frameworks */,
			);
			sourceTree = "<group>";
		};
		62530F492C33D5BC001B496B /* Products */ = {
			isa = PBXGroup;
			children = (
				62530F482C33D5BC001B496B /* HMSAdmin.app */,
			);
			name = Products;
			sourceTree = "<group>";
		};
		62530F4A2C33D5BC001B496B /* HMSAdmin */ = {
			isa = PBXGroup;
			children = (
				62530F4B2C33D5BC001B496B /* HMSAdminApp.swift */,
				62530F4D2C33D5BC001B496B /* Authentication.swift */,
				E9F0D9362C35C77100C02518 /* Doctor */,
				E9F0D9332C35C71500C02518 /* Admin */,
				E9F0D9302C35C68D00C02518 /* Super Admin */,
				62530F8F2C35C2ED001B496B /* demo.swift */,
				802159652C372977006FF0C3 /* Model */,
				62530F4F2C33D5BE001B496B /* Assets.xcassets */,
				62530F512C33D5BE001B496B /* Preview Content */,
			);
			path = HMSAdmin;
			sourceTree = "<group>";
		};
		62530F512C33D5BE001B496B /* Preview Content */ = {
			isa = PBXGroup;
			children = (
				62530F522C33D5BE001B496B /* Preview Assets.xcassets */,
			);
			path = "Preview Content";
			sourceTree = "<group>";
		};
		802159652C372977006FF0C3 /* Model */ = {
			isa = PBXGroup;
			children = (
			);
			path = Model;
			sourceTree = "<group>";
		};
		E9F0D9302C35C68D00C02518 /* Super Admin */ = {
			isa = PBXGroup;
			children = (
				812C37792C36B65400614EE9 /* AddHospital.swift */,
				812C377A2C36B65400614EE9 /* ContentView.swift */,
				812C37782C36B65400614EE9 /* HospitalDataModel.swift */,
			);
			path = "Super Admin";
			sourceTree = "<group>";
		};
		E9F0D9332C35C71500C02518 /* Admin */ = {
			isa = PBXGroup;
			children = (
				62060EC52C37087000177028 /* AdminView.swift */,
				07938CF92C3750B800A4FA96 /* AddDoctor.swift */,
				07938CF52C3711E300A4FA96 /* ChangePassword.swift */,
			);
			path = Admin;
			sourceTree = "<group>";
		};
		E9F0D9362C35C77100C02518 /* Doctor */ = {
			isa = PBXGroup;
			children = (
				62060EC32C37086000177028 /* DoctorView.swift */,
				62060EC72C3708F800177028 /* Home.swift */,
				62060EC92C37095E00177028 /* Task.swift */,
				62060ECB2C37097E00177028 /* View+Extension.swift */,
				62060ECD2C3709B400177028 /* Date+Extension.swift */,
			);
			path = Doctor;
			sourceTree = "<group>";
		};
/* End PBXGroup section */

/* Begin PBXNativeTarget section */
		62530F472C33D5BC001B496B /* HMSAdmin */ = {
			isa = PBXNativeTarget;
			buildConfigurationList = 62530F562C33D5BE001B496B /* Build configuration list for PBXNativeTarget "HMSAdmin" */;
			buildPhases = (
				62530F442C33D5BC001B496B /* Sources */,
				62530F452C33D5BC001B496B /* Frameworks */,
				62530F462C33D5BC001B496B /* Resources */,
			);
			buildRules = (
			);
			dependencies = (
			);
			name = HMSAdmin;
			packageProductDependencies = (
				E9F0D9262C35C4FE00C02518 /* FirebaseAuth */,
				E9F0D9282C35C4FE00C02518 /* FirebaseDatabase */,
				E9F0D92A2C35C4FE00C02518 /* FirebaseDatabaseSwift */,
				E9F0D92C2C35C4FE00C02518 /* FirebaseStorage */,
				62060EDA2C374C0B00177028 /* FirebaseFirestoreSwift */,
			);
			productName = HMSAdmin;
			productReference = 62530F482C33D5BC001B496B /* HMSAdmin.app */;
			productType = "com.apple.product-type.application";
		};
/* End PBXNativeTarget section */

/* Begin PBXProject section */
		62530F402C33D5BC001B496B /* Project object */ = {
			isa = PBXProject;
			attributes = {
				BuildIndependentTargetsInParallel = 1;
				LastSwiftUpdateCheck = 1540;
				LastUpgradeCheck = 1540;
				TargetAttributes = {
					62530F472C33D5BC001B496B = {
						CreatedOnToolsVersion = 15.4;
					};
				};
			};
			buildConfigurationList = 62530F432C33D5BC001B496B /* Build configuration list for PBXProject "HMSAdmin" */;
			compatibilityVersion = "Xcode 14.0";
			developmentRegion = en;
			hasScannedForEncodings = 0;
			knownRegions = (
				en,
				Base,
			);
			mainGroup = 62530F3F2C33D5BC001B496B;
			packageReferences = (
				E9F0D9252C35C4FE00C02518 /* XCRemoteSwiftPackageReference "firebase-ios-sdk" */,
			);
			productRefGroup = 62530F492C33D5BC001B496B /* Products */;
			projectDirPath = "";
			projectRoot = "";
			targets = (
				62530F472C33D5BC001B496B /* HMSAdmin */,
			);
		};
/* End PBXProject section */

/* Begin PBXResourcesBuildPhase section */
		62530F462C33D5BC001B496B /* Resources */ = {
			isa = PBXResourcesBuildPhase;
			buildActionMask = 2147483647;
			files = (
				62530F532C33D5BE001B496B /* Preview Assets.xcassets in Resources */,
				62530F502C33D5BE001B496B /* Assets.xcassets in Resources */,
				E9F0D9242C35C4A600C02518 /* GoogleService-Info.plist in Resources */,
			);
			runOnlyForDeploymentPostprocessing = 0;
		};
/* End PBXResourcesBuildPhase section */

/* Begin PBXSourcesBuildPhase section */
		62530F442C33D5BC001B496B /* Sources */ = {
			isa = PBXSourcesBuildPhase;
			buildActionMask = 2147483647;
			files = (
				812C377C2C36B65400614EE9 /* AddHospital.swift in Sources */,
				62530F4E2C33D5BC001B496B /* Authentication.swift in Sources */,
				07938CF62C3711E300A4FA96 /* ChangePassword.swift in Sources */,
				62060ECA2C37095E00177028 /* Task.swift in Sources */,
				812C377B2C36B65400614EE9 /* HospitalDataModel.swift in Sources */,
				812C377D2C36B65400614EE9 /* ContentView.swift in Sources */,
				07938CFA2C3750B800A4FA96 /* AddDoctor.swift in Sources */,
				62060ECE2C3709B400177028 /* Date+Extension.swift in Sources */,
				62060EC82C3708F800177028 /* Home.swift in Sources */,
				62530F4C2C33D5BC001B496B /* HMSAdminApp.swift in Sources */,
				62060ECC2C37097E00177028 /* View+Extension.swift in Sources */,
				62530F902C35C2ED001B496B /* demo.swift in Sources */,
				62060EC62C37087000177028 /* AdminView.swift in Sources */,
				62060EC42C37086000177028 /* DoctorView.swift in Sources */,
			);
			runOnlyForDeploymentPostprocessing = 0;
		};
/* End PBXSourcesBuildPhase section */

/* Begin XCBuildConfiguration section */
		62530F542C33D5BE001B496B /* Debug */ = {
			isa = XCBuildConfiguration;
			buildSettings = {
				ALWAYS_SEARCH_USER_PATHS = NO;
				ASSETCATALOG_COMPILER_GENERATE_SWIFT_ASSET_SYMBOL_EXTENSIONS = YES;
				CLANG_ANALYZER_NONNULL = YES;
				CLANG_ANALYZER_NUMBER_OBJECT_CONVERSION = YES_AGGRESSIVE;
				CLANG_CXX_LANGUAGE_STANDARD = "gnu++20";
				CLANG_ENABLE_MODULES = YES;
				CLANG_ENABLE_OBJC_ARC = YES;
				CLANG_ENABLE_OBJC_WEAK = YES;
				CLANG_WARN_BLOCK_CAPTURE_AUTORELEASING = YES;
				CLANG_WARN_BOOL_CONVERSION = YES;
				CLANG_WARN_COMMA = YES;
				CLANG_WARN_CONSTANT_CONVERSION = YES;
				CLANG_WARN_DEPRECATED_OBJC_IMPLEMENTATIONS = YES;
				CLANG_WARN_DIRECT_OBJC_ISA_USAGE = YES_ERROR;
				CLANG_WARN_DOCUMENTATION_COMMENTS = YES;
				CLANG_WARN_EMPTY_BODY = YES;
				CLANG_WARN_ENUM_CONVERSION = YES;
				CLANG_WARN_INFINITE_RECURSION = YES;
				CLANG_WARN_INT_CONVERSION = YES;
				CLANG_WARN_NON_LITERAL_NULL_CONVERSION = YES;
				CLANG_WARN_OBJC_IMPLICIT_RETAIN_SELF = YES;
				CLANG_WARN_OBJC_LITERAL_CONVERSION = YES;
				CLANG_WARN_OBJC_ROOT_CLASS = YES_ERROR;
				CLANG_WARN_QUOTED_INCLUDE_IN_FRAMEWORK_HEADER = YES;
				CLANG_WARN_RANGE_LOOP_ANALYSIS = YES;
				CLANG_WARN_STRICT_PROTOTYPES = YES;
				CLANG_WARN_SUSPICIOUS_MOVE = YES;
				CLANG_WARN_UNGUARDED_AVAILABILITY = YES_AGGRESSIVE;
				CLANG_WARN_UNREACHABLE_CODE = YES;
				CLANG_WARN__DUPLICATE_METHOD_MATCH = YES;
				COPY_PHASE_STRIP = NO;
				DEBUG_INFORMATION_FORMAT = dwarf;
				ENABLE_STRICT_OBJC_MSGSEND = YES;
				ENABLE_TESTABILITY = YES;
				ENABLE_USER_SCRIPT_SANDBOXING = YES;
				GCC_C_LANGUAGE_STANDARD = gnu17;
				GCC_DYNAMIC_NO_PIC = NO;
				GCC_NO_COMMON_BLOCKS = YES;
				GCC_OPTIMIZATION_LEVEL = 0;
				GCC_PREPROCESSOR_DEFINITIONS = (
					"DEBUG=1",
					"$(inherited)",
				);
				GCC_WARN_64_TO_32_BIT_CONVERSION = YES;
				GCC_WARN_ABOUT_RETURN_TYPE = YES_ERROR;
				GCC_WARN_UNDECLARED_SELECTOR = YES;
				GCC_WARN_UNINITIALIZED_AUTOS = YES_AGGRESSIVE;
				GCC_WARN_UNUSED_FUNCTION = YES;
				GCC_WARN_UNUSED_VARIABLE = YES;
				IPHONEOS_DEPLOYMENT_TARGET = 17.5;
				LOCALIZATION_PREFERS_STRING_CATALOGS = YES;
				MTL_ENABLE_DEBUG_INFO = INCLUDE_SOURCE;
				MTL_FAST_MATH = YES;
				ONLY_ACTIVE_ARCH = YES;
				SDKROOT = iphoneos;
				SWIFT_ACTIVE_COMPILATION_CONDITIONS = "DEBUG $(inherited)";
				SWIFT_OPTIMIZATION_LEVEL = "-Onone";
			};
			name = Debug;
		};
		62530F552C33D5BE001B496B /* Release */ = {
			isa = XCBuildConfiguration;
			buildSettings = {
				ALWAYS_SEARCH_USER_PATHS = NO;
				ASSETCATALOG_COMPILER_GENERATE_SWIFT_ASSET_SYMBOL_EXTENSIONS = YES;
				CLANG_ANALYZER_NONNULL = YES;
				CLANG_ANALYZER_NUMBER_OBJECT_CONVERSION = YES_AGGRESSIVE;
				CLANG_CXX_LANGUAGE_STANDARD = "gnu++20";
				CLANG_ENABLE_MODULES = YES;
				CLANG_ENABLE_OBJC_ARC = YES;
				CLANG_ENABLE_OBJC_WEAK = YES;
				CLANG_WARN_BLOCK_CAPTURE_AUTORELEASING = YES;
				CLANG_WARN_BOOL_CONVERSION = YES;
				CLANG_WARN_COMMA = YES;
				CLANG_WARN_CONSTANT_CONVERSION = YES;
				CLANG_WARN_DEPRECATED_OBJC_IMPLEMENTATIONS = YES;
				CLANG_WARN_DIRECT_OBJC_ISA_USAGE = YES_ERROR;
				CLANG_WARN_DOCUMENTATION_COMMENTS = YES;
				CLANG_WARN_EMPTY_BODY = YES;
				CLANG_WARN_ENUM_CONVERSION = YES;
				CLANG_WARN_INFINITE_RECURSION = YES;
				CLANG_WARN_INT_CONVERSION = YES;
				CLANG_WARN_NON_LITERAL_NULL_CONVERSION = YES;
				CLANG_WARN_OBJC_IMPLICIT_RETAIN_SELF = YES;
				CLANG_WARN_OBJC_LITERAL_CONVERSION = YES;
				CLANG_WARN_OBJC_ROOT_CLASS = YES_ERROR;
				CLANG_WARN_QUOTED_INCLUDE_IN_FRAMEWORK_HEADER = YES;
				CLANG_WARN_RANGE_LOOP_ANALYSIS = YES;
				CLANG_WARN_STRICT_PROTOTYPES = YES;
				CLANG_WARN_SUSPICIOUS_MOVE = YES;
				CLANG_WARN_UNGUARDED_AVAILABILITY = YES_AGGRESSIVE;
				CLANG_WARN_UNREACHABLE_CODE = YES;
				CLANG_WARN__DUPLICATE_METHOD_MATCH = YES;
				COPY_PHASE_STRIP = NO;
				DEBUG_INFORMATION_FORMAT = "dwarf-with-dsym";
				ENABLE_NS_ASSERTIONS = NO;
				ENABLE_STRICT_OBJC_MSGSEND = YES;
				ENABLE_USER_SCRIPT_SANDBOXING = YES;
				GCC_C_LANGUAGE_STANDARD = gnu17;
				GCC_NO_COMMON_BLOCKS = YES;
				GCC_WARN_64_TO_32_BIT_CONVERSION = YES;
				GCC_WARN_ABOUT_RETURN_TYPE = YES_ERROR;
				GCC_WARN_UNDECLARED_SELECTOR = YES;
				GCC_WARN_UNINITIALIZED_AUTOS = YES_AGGRESSIVE;
				GCC_WARN_UNUSED_FUNCTION = YES;
				GCC_WARN_UNUSED_VARIABLE = YES;
				IPHONEOS_DEPLOYMENT_TARGET = 17.5;
				LOCALIZATION_PREFERS_STRING_CATALOGS = YES;
				MTL_ENABLE_DEBUG_INFO = NO;
				MTL_FAST_MATH = YES;
				SDKROOT = iphoneos;
				SWIFT_COMPILATION_MODE = wholemodule;
				VALIDATE_PRODUCT = YES;
			};
			name = Release;
		};
		62530F572C33D5BE001B496B /* Debug */ = {
			isa = XCBuildConfiguration;
			buildSettings = {
				ASSETCATALOG_COMPILER_APPICON_NAME = AppIcon;
				ASSETCATALOG_COMPILER_GLOBAL_ACCENT_COLOR_NAME = AccentColor;
				CODE_SIGN_STYLE = Automatic;
				CURRENT_PROJECT_VERSION = 1;
				DEVELOPMENT_ASSET_PATHS = "\"HMSAdmin/Preview Content\"";
				DEVELOPMENT_TEAM = 45FSZ24S5Y;
				ENABLE_PREVIEWS = YES;
				GENERATE_INFOPLIST_FILE = YES;
				INFOPLIST_KEY_UIApplicationSceneManifest_Generation = YES;
				INFOPLIST_KEY_UIApplicationSupportsIndirectInputEvents = YES;
				INFOPLIST_KEY_UILaunchScreen_Generation = YES;
				INFOPLIST_KEY_UISupportedInterfaceOrientations_iPad = "UIInterfaceOrientationPortrait UIInterfaceOrientationPortraitUpsideDown UIInterfaceOrientationLandscapeLeft UIInterfaceOrientationLandscapeRight";
				INFOPLIST_KEY_UISupportedInterfaceOrientations_iPhone = "UIInterfaceOrientationPortrait UIInterfaceOrientationLandscapeLeft UIInterfaceOrientationLandscapeRight";
				LD_RUNPATH_SEARCH_PATHS = (
					"$(inherited)",
					"@executable_path/Frameworks",
				);
				MARKETING_VERSION = 1.0;
				PRODUCT_BUNDLE_IDENTIFIER = "team02.HMS-Mediflex";
				PRODUCT_NAME = "$(TARGET_NAME)";
				SWIFT_EMIT_LOC_STRINGS = YES;
				SWIFT_VERSION = 5.0;
				TARGETED_DEVICE_FAMILY = "1,2";
			};
			name = Debug;
		};
		62530F582C33D5BE001B496B /* Release */ = {
			isa = XCBuildConfiguration;
			buildSettings = {
				ASSETCATALOG_COMPILER_APPICON_NAME = AppIcon;
				ASSETCATALOG_COMPILER_GLOBAL_ACCENT_COLOR_NAME = AccentColor;
				CODE_SIGN_STYLE = Automatic;
				CURRENT_PROJECT_VERSION = 1;
				DEVELOPMENT_ASSET_PATHS = "\"HMSAdmin/Preview Content\"";
				DEVELOPMENT_TEAM = 45FSZ24S5Y;
				ENABLE_PREVIEWS = YES;
				GENERATE_INFOPLIST_FILE = YES;
				INFOPLIST_KEY_UIApplicationSceneManifest_Generation = YES;
				INFOPLIST_KEY_UIApplicationSupportsIndirectInputEvents = YES;
				INFOPLIST_KEY_UILaunchScreen_Generation = YES;
				INFOPLIST_KEY_UISupportedInterfaceOrientations_iPad = "UIInterfaceOrientationPortrait UIInterfaceOrientationPortraitUpsideDown UIInterfaceOrientationLandscapeLeft UIInterfaceOrientationLandscapeRight";
				INFOPLIST_KEY_UISupportedInterfaceOrientations_iPhone = "UIInterfaceOrientationPortrait UIInterfaceOrientationLandscapeLeft UIInterfaceOrientationLandscapeRight";
				LD_RUNPATH_SEARCH_PATHS = (
					"$(inherited)",
					"@executable_path/Frameworks",
				);
				MARKETING_VERSION = 1.0;
				PRODUCT_BUNDLE_IDENTIFIER = "team02.HMS-Mediflex";
				PRODUCT_NAME = "$(TARGET_NAME)";
				SWIFT_EMIT_LOC_STRINGS = YES;
				SWIFT_VERSION = 5.0;
				TARGETED_DEVICE_FAMILY = "1,2";
			};
			name = Release;
		};
/* End XCBuildConfiguration section */

/* Begin XCConfigurationList section */
		62530F432C33D5BC001B496B /* Build configuration list for PBXProject "HMSAdmin" */ = {
			isa = XCConfigurationList;
			buildConfigurations = (
				62530F542C33D5BE001B496B /* Debug */,
				62530F552C33D5BE001B496B /* Release */,
			);
			defaultConfigurationIsVisible = 0;
			defaultConfigurationName = Release;
		};
		62530F562C33D5BE001B496B /* Build configuration list for PBXNativeTarget "HMSAdmin" */ = {
			isa = XCConfigurationList;
			buildConfigurations = (
				62530F572C33D5BE001B496B /* Debug */,
				62530F582C33D5BE001B496B /* Release */,
			);
			defaultConfigurationIsVisible = 0;
			defaultConfigurationName = Release;
		};
/* End XCConfigurationList section */

/* Begin XCRemoteSwiftPackageReference section */
		E9F0D9252C35C4FE00C02518 /* XCRemoteSwiftPackageReference "firebase-ios-sdk" */ = {
			isa = XCRemoteSwiftPackageReference;
			repositoryURL = "https://github.com/firebase/firebase-ios-sdk";
			requirement = {
				kind = upToNextMajorVersion;
				minimumVersion = 10.28.1;
			};
		};
/* End XCRemoteSwiftPackageReference section */

/* Begin XCSwiftPackageProductDependency section */
		62060EDA2C374C0B00177028 /* FirebaseFirestoreSwift */ = {
			isa = XCSwiftPackageProductDependency;
			package = E9F0D9252C35C4FE00C02518 /* XCRemoteSwiftPackageReference "firebase-ios-sdk" */;
			productName = FirebaseFirestoreSwift;
		};
		E9F0D9262C35C4FE00C02518 /* FirebaseAuth */ = {
			isa = XCSwiftPackageProductDependency;
			package = E9F0D9252C35C4FE00C02518 /* XCRemoteSwiftPackageReference "firebase-ios-sdk" */;
			productName = FirebaseAuth;
		};
		E9F0D9282C35C4FE00C02518 /* FirebaseDatabase */ = {
			isa = XCSwiftPackageProductDependency;
			package = E9F0D9252C35C4FE00C02518 /* XCRemoteSwiftPackageReference "firebase-ios-sdk" */;
			productName = FirebaseDatabase;
		};
		E9F0D92A2C35C4FE00C02518 /* FirebaseDatabaseSwift */ = {
			isa = XCSwiftPackageProductDependency;
			package = E9F0D9252C35C4FE00C02518 /* XCRemoteSwiftPackageReference "firebase-ios-sdk" */;
			productName = FirebaseDatabaseSwift;
		};
		E9F0D92C2C35C4FE00C02518 /* FirebaseStorage */ = {
			isa = XCSwiftPackageProductDependency;
			package = E9F0D9252C35C4FE00C02518 /* XCRemoteSwiftPackageReference "firebase-ios-sdk" */;
			productName = FirebaseStorage;
		};
/* End XCSwiftPackageProductDependency section */
	};
	rootObject = 62530F402C33D5BC001B496B /* Project object */;
}
